
Microsoft Visual Studio Solution File, Format Version 12.00
# Visual Studio 15
VisualStudioVersion = 15.0.28307.645
MinimumVisualStudioVersion = 10.0.40219.1
Project("{8BC9CEB8-8B4A-11D0-8D11-00A0C91BC942}") = "RecursiveDescentParser", "RecursiveDescentParser\RecursiveDescentParser.vcxproj", "{CEB2CF59-47A2-4EC6-A2F0-61F51CF77498}"
EndProject
Global
	GlobalSection(SolutionConfigurationPlatforms) = preSolution
		Debug|x64 = Debug|x64
		Debug|x86 = Debug|x86
		Release|x64 = Release|x64
		Release|x86 = Release|x86
	EndGlobalSection
	GlobalSection(ProjectConfigurationPlatforms) = postSolution
		{CEB2CF59-47A2-4EC6-A2F0-61F51CF77498}.Debug|x64.ActiveCfg = Debug|x64
		{CEB2CF59-47A2-4EC6-A2F0-61F51CF77498}.Debug|x64.Build.0 = Debug|x64
		{CEB2CF59-47A2-4EC6-A2F0-61F51CF77498}.Debug|x86.ActiveCfg = Debug|Win32
		{CEB2CF59-47A2-4EC6-A2F0-61F51CF77498}.Debug|x86.Build.0 = Debug|Win32
		{CEB2CF59-47A2-4EC6-A2F0-61F51CF77498}.Release|x64.ActiveCfg = Release|x64
		{CEB2CF59-47A2-4EC6-A2F0-61F51CF77498}.Release|x64.Build.0 = Release|x64
		{CEB2CF59-47A2-4EC6-A2F0-61F51CF77498}.Release|x86.ActiveCfg = Release|Win32
		{CEB2CF59-47A2-4EC6-A2F0-61F51CF77498}.Release|x86.Build.0 = Release|Win32
	EndGlobalSection
	GlobalSection(SolutionProperties) = preSolution
		HideSolutionNode = FALSE
	EndGlobalSection
	GlobalSection(ExtensibilityGlobals) = postSolution
		SolutionGuid = {CFCE93D4-3CB6-4BA3-92DD-E8D63F6490CD}
	EndGlobalSection
EndGlobal
